
Microsoft Visual Studio Solution File, Format Version 12.00
# SQL Server Management Studio Version 21
VisualStudioVersion = 17.14.36603.0 d17.14
MinimumVisualStudioVersion = 10.0.40219.1
Project("{4F2E2C19-372F-40D8-9FA7-9D2138C6997A}") = "customer-and-dvds-sql", "customer-and-dvds-sql\customer-and-dvds-sql.ssmssqlproj", "{4CDCF4FE-9FBA-985C-B6D9-A25A3ED26485}"
EndProject
Global
	GlobalSection(SolutionConfigurationPlatforms) = preSolution
		Default|Default = Default|Default
	EndGlobalSection
	GlobalSection(ProjectConfigurationPlatforms) = postSolution
		{4CDCF4FE-9FBA-985C-B6D9-A25A3ED26485}.Default|Default.ActiveCfg = Default
	EndGlobalSection
	GlobalSection(SolutionProperties) = preSolution
		HideSolutionNode = FALSE
	EndGlobalSection
	GlobalSection(ExtensibilityGlobals) = postSolution
		SolutionGuid = {875D9DCF-38F6-4D0E-A60D-61718B1DCE50}
	EndGlobalSection
EndGlobal
